cookbook 'apt', :locked_version => '1.9.0'
cookbook 'ohai', :locked_version => '1.1.8'
cookbook 'vim', :locked_version => '1.0.2'
cookbook 'ntp', :locked_version => '1.3.2'
cookbook 'build-essential', :locked_version => '1.3.4'
cookbook 'openssl', :locked_version => '1.0.2'
cookbook 'git', :locked_version => '2.3.0'
cookbook 'ruby_build', :locked_version => '0.7.2'
cookbook 'rbenv', :git => 'git://github.com/fnichol/chef-rbenv.git', :ref => 'v0.7.2'
cookbook 'postgresql', :git => 'git://github.com/phlipper/chef-postgresql.git', :ref => 'ff499fcff50c1113f74cc32352ebfbede93a06cc'
cookbook 'nginx', :locked_version => '1.4.0'
cookbook 'unicorn', :locked_version => '1.2.2'
cookbook 'phantomjs', :locked_version => '0.0.10'
cookbook 'imagemagick', :locked_version => '0.2.2'
cookbook 'redis', :git => 'git://github.com/ctrabold/chef-redis.git', :ref => 'e3a89f34d0f5b81867ae9e07a9404ac89e1ff61c'
cookbook 'dmg', :locked_version => '1.1.0'
cookbook 'yum', :locked_version => '2.1.0'
cookbook 'windows', :locked_version => '1.8.4'
cookbook 'chef_handler', :locked_version => '1.1.4'
cookbook 'runit', :locked_version => '1.0.6'
cookbook 'java', :locked_version => '1.10.0'
cookbook 'bluepill', :locked_version => '2.2.0'
cookbook 'rsyslog', :locked_version => '1.5.0'